
Microsoft Visual Studio Solution File, Format Version 12.00
# Visual Studio 2013
VisualStudioVersion = 12.0.21005.1
MinimumVisualStudioVersion = 10.0.40219.1
Project("{FAE04EC0-301F-11D3-BF4B-00C04F79EFBC}") = "WebApplication3", "WebApplication3\WebApplication3.csproj", "{DA8BB670-2B47-4416-B5D1-7675975B9FB8}"
EndProject
Project("{2150E333-8FDC-42A3-9474-1A3956D46DE8}") = ".nuget", ".nuget", "{FCF2A7A2-4297-48CA-A21E-5B61B6BB5F33}"
	ProjectSection(SolutionItems) = preProject
		.nuget\NuGet.Config = .nuget\NuGet.Config
		.nuget\NuGet.exe = .nuget\NuGet.exe
		.nuget\NuGet.targets = .nuget\NuGet.targets
	EndProjectSection
EndProject
Project("{7CF6DF6D-3B04-46F8-A40B-537D21BCA0B4}") = "Docs", "Docs\Docs.shfbproj", "{DF5E91A2-4575-4172-B34F-54C178C4E4D7}"
EndProject
Project("{FAE04EC0-301F-11D3-BF4B-00C04F79EFBC}") = "WebApplication3UNITtest", "WebApplication3UNITtest\WebApplication3UNITtest.csproj", "{6C116828-8B27-4B13-9A31-6F36BBB2C74C}"
EndProject
Global
	GlobalSection(TeamFoundationVersionControl) = preSolution
		SccNumberOfProjects = 4
		SccEnterpriseProvider = {4CA58AB2-18FA-4F8D-95D4-32DDF27D184C}
		SccTeamFoundationServer = https://levimmartins.visualstudio.com/defaultcollection
		SccLocalPath0 = .
		SccProjectUniqueName1 = Docs\\Docs.shfbproj
		SccProjectName1 = Docs
		SccLocalPath1 = Docs
		SccProjectUniqueName2 = WebApplication3\\WebApplication3.csproj
		SccProjectName2 = WebApplication3
		SccLocalPath2 = WebApplication3
		SccProjectUniqueName3 = WebApplication3UNITtest\\WebApplication3UNITtest.csproj
		SccProjectName3 = WebApplication3UNITtest
		SccLocalPath3 = WebApplication3UNITtest
	EndGlobalSection
	GlobalSection(SolutionConfigurationPlatforms) = preSolution
		Debug|Any CPU = Debug|Any CPU
		Release|Any CPU = Release|Any CPU
	EndGlobalSection
	GlobalSection(ProjectConfigurationPlatforms) = postSolution
		{DA8BB670-2B47-4416-B5D1-7675975B9FB8}.Debug|Any CPU.ActiveCfg = Debug|Any CPU
		{DA8BB670-2B47-4416-B5D1-7675975B9FB8}.Debug|Any CPU.Build.0 = Debug|Any CPU
		{DA8BB670-2B47-4416-B5D1-7675975B9FB8}.Release|Any CPU.ActiveCfg = Release|Any CPU
		{DA8BB670-2B47-4416-B5D1-7675975B9FB8}.Release|Any CPU.Build.0 = Release|Any CPU
		{DF5E91A2-4575-4172-B34F-54C178C4E4D7}.Debug|Any CPU.ActiveCfg = Debug|Any CPU
		{DF5E91A2-4575-4172-B34F-54C178C4E4D7}.Debug|Any CPU.Build.0 = Debug|Any CPU
		{DF5E91A2-4575-4172-B34F-54C178C4E4D7}.Release|Any CPU.ActiveCfg = Release|Any CPU
		{DF5E91A2-4575-4172-B34F-54C178C4E4D7}.Release|Any CPU.Build.0 = Release|Any CPU
		{6C116828-8B27-4B13-9A31-6F36BBB2C74C}.Debug|Any CPU.ActiveCfg = Debug|Any CPU
		{6C116828-8B27-4B13-9A31-6F36BBB2C74C}.Debug|Any CPU.Build.0 = Debug|Any CPU
		{6C116828-8B27-4B13-9A31-6F36BBB2C74C}.Release|Any CPU.ActiveCfg = Release|Any CPU
		{6C116828-8B27-4B13-9A31-6F36BBB2C74C}.Release|Any CPU.Build.0 = Release|Any CPU
	EndGlobalSection
	GlobalSection(SolutionProperties) = preSolution
		HideSolutionNode = FALSE
	EndGlobalSection
EndGlobal
